github.com/google/uuid v1.6.0 h1:NIvaJDMOsjHA8n1jAhLSgzrAzy1Hgr+hNrb57e+94F0=
github.com/google/uuid v1.6.0/go.mod h1:TIyPZe4MgqvfeYDBFedMoGGpEw/LqOeaOT+nhxU+yHo=
github.com/jeanhaley32/logger v0.0.3 h1:kLN1PTSV3+hylSUlaNAThE+XVOjX6LYNoy9BQIZRIg8=
github.com/jeanhaley32/logger v0.0.3/go.mod h1:mUF2HC1vVBMnNY63eFMxLNI40FG7H3C0PylYNkSec0o=
github.com/jeanhaley32/logger v0.0.4 h1:YHQNhyjPXCFimBK0aG7ekr2EH3h120ca2tIUrb4MRdI=
github.com/jeanhaley32/logger v0.0.4/go.mod h1:mUF2HC1vVBMnNY63eFMxLNI40FG7H3C0PylYNkSec0o=
